// !$*UTF8*$!
{
	archiveVersion = 1;
	classes = {
	};
	objectVersion = 46;
	objects = {

/* Begin PBXBuildFile section */
		AD8A36A21C0B42A400F67C90 /* AppDelegate.swift in Sources */ = {isa = PBXBuildFile; fileRef = AD8A36A11C0B42A400F67C90 /* AppDelegate.swift */; };
		AD8A36A41C0B42A400F67C90 /* ViewController.swift in Sources */ = {isa = PBXBuildFile; fileRef = AD8A36A31C0B42A400F67C90 /* ViewController.swift */; };
		AD8A36A71C0B42A400F67C90 /* Main.storyboard in Resources */ = {isa = PBXBuildFile; fileRef = AD8A36A51C0B42A400F67C90 /* Main.storyboard */; };
		AD8A36A91C0B42A400F67C90 /* Assets.xcassets in Resources */ = {isa = PBXBuildFile; fileRef = AD8A36A81C0B42A400F67C90 /* Assets.xcassets */; };
		AD8A36AC1C0B42A400F67C90 /* LaunchScreen.storyboard in Resources */ = {isa = PBXBuildFile; fileRef = AD8A36AA1C0B42A400F67C90 /* LaunchScreen.storyboard */; };
		AD8A36B41C0B436300F67C90 /* myUILabel.swift in Sources */ = {isa = PBXBuildFile; fileRef = AD8A36B31C0B436300F67C90 /* myUILabel.swift */; };
/* End PBXBuildFile section */

/* Begin PBXFileReference section */
		AD8A369E1C0B42A400F67C90 /* myUILabelDemo.app */ = {isa = PBXFileReference; explicitFileType = wrapper.application; includeInIndex = 0; path = myUILabelDemo.app; sourceTree = BUILT_PRODUCTS_DIR; };
		AD8A36A11C0B42A400F67C90 /* AppDelegate.swift */ = {isa = PBXFileReference; lastKnownFileType = sourcecode.swift; path = AppDelegate.swift; sourceTree = "<group>"; };
		AD8A36A31C0B42A400F67C90 /* ViewController.swift */ = {isa = PBXFileReference; lastKnownFileType = sourcecode.swift; path = ViewController.swift; sourceTree = "<group>"; };
		AD8A36A61C0B42A400F67C90 /* Base */ = {isa = PBXFileReference; lastKnownFileType = file.storyboard; name = Base; path = Base.lproj/Main.storyboard; sourceTree = "<group>"; };
		AD8A36A81C0B42A400F67C90 /* Assets.xcassets */ = {isa = PBXFileReference; lastKnownFileType = folder.assetcatalog; path = Assets.xcassets; sourceTree = "<group>"; };
		AD8A36AB1C0B42A400F67C90 /* Base */ = {isa = PBXFileReference; lastKnownFileType = file.storyboard; name = Base; path = Base.lproj/LaunchScreen.storyboard; sourceTree = "<group>"; };
		AD8A36AD1C0B42A400F67C90 /* Info.plist */ = {isa = PBXFileReference; lastKnownFileType = text.plist.xml; path = Info.plist; sourceTree = "<group>"; };
		AD8A36B31C0B436300F67C90 /* myUILabel.swift */ = {isa = PBXFileReference; fileEncoding = 4; lastKnownFileType = sourcecode.swift; path = myUILabel.swift; sourceTree = "<group>"; };
/* End PBXFileReference section */

/* Begin PBXFrameworksBuildPhase section */
		AD8A369B1C0B42A400F67C90 /* Frameworks */ = {
			isa = PBXFrameworksBuildPhase;
			buildActionMask = 2147483647;
			files = (
			);
			runOnlyForDeploymentPostprocessing = 0;
		};
/* End PBXFrameworksBuildPhase section */

/* Begin PBXGroup section */
		AD8A36951C0B42A400F67C90 = {
			isa = PBXGroup;
			children = (
				AD8A36A01C0B42A400F67C90 /* myUILabelDemo */,
				AD8A369F1C0B42A400F67C90 /* Products */,
			);
			sourceTree = "<group>";
		};
		AD8A369F1C0B42A400F67C90 /* Products */ = {
			isa = PBXGroup;
			children = (
				AD8A369E1C0B42A400F67C90 /* myUILabelDemo.app */,
			);
			name = Products;
			sourceTree = "<group>";
		};
		AD8A36A01C0B42A400F67C90 /* myUILabelDemo */ = {
			isa = PBXGroup;
			children = (
				AD8A36A11C0B42A400F67C90 /* AppDelegate.swift */,
				AD8A36A31C0B42A400F67C90 /* ViewController.swift */,
				AD8A36A51C0B42A400F67C90 /* Main.storyboard */,
				AD8A36A81C0B42A400F67C90 /* Assets.xcassets */,
				AD8A36AA1C0B42A400F67C90 /* LaunchScreen.storyboard */,
				AD8A36AD1C0B42A400F67C90 /* Info.plist */,
				AD8A36B31C0B436300F67C90 /* myUILabel.swift */,
			);
			path = myUILabelDemo;
			sourceTree = "<group>";
		};
/* End PBXGroup section */

/* Begin PBXNativeTarget section */
		AD8A369D1C0B42A400F67C90 /* myUILabelDemo */ = {
			isa = PBXNativeTarget;
			buildConfigurationList = AD8A36B01C0B42A400F67C90 /* Build configuration list for PBXNativeTarget "myUILabelDemo" */;
			buildPhases = (
				AD8A369A1C0B42A400F67C90 /* Sources */,
				AD8A369B1C0B42A400F67C90 /* Frameworks */,
				AD8A369C1C0B42A400F67C90 /* Resources */,
			);
			buildRules = (
			);
			dependencies = (
			);
			name = myUILabelDemo;
			productName = myUILabelDemo;
			productReference = AD8A369E1C0B42A400F67C90 /* myUILabelDemo.app */;
			productType = "com.apple.product-type.application";
		};
/* End PBXNativeTarget section */

/* Begin PBXProject section */
		AD8A36961C0B42A400F67C90 /* Project object */ = {
			isa = PBXProject;
			attributes = {
				LastSwiftUpdateCheck = 0710;
				LastUpgradeCheck = 0710;
				ORGANIZATIONNAME = "Wanqing Wang";
				TargetAttributes = {
					AD8A369D1C0B42A400F67C90 = {
						CreatedOnToolsVersion = 7.1.1;
					};
				};
			};
			buildConfigurationList = AD8A36991C0B42A400F67C90 /* Build configuration list for PBXProject "myUILabelDemo" */;
			compatibilityVersion = "Xcode 3.2";
			developmentRegion = English;
			hasScannedForEncodings = 0;
			knownRegions = (
				en,
				Base,
			);
			mainGroup = AD8A36951C0B42A400F67C90;
			productRefGroup = AD8A369F1C0B42A400F67C90 /* Products */;
			projectDirPath = "";
			projectRoot = "";
			targets = (
				AD8A369D1C0B42A400F67C90 /* myUILabelDemo */,
			);
		};
/* End PBXProject section */

/* Begin PBXResourcesBuildPhase section */
		AD8A369C1C0B42A400F67C90 /* Resources */ = {
			isa = PBXResourcesBuildPhase;
			buildActionMask = 2147483647;
			files = (
				AD8A36AC1C0B42A400F67C90 /* LaunchScreen.storyboard in Resources */,
				AD8A36A91C0B42A400F67C90 /* Assets.xcassets in Resources */,
				AD8A36A71C0B42A400F67C90 /* Main.storyboard in Resources */,
			);
			runOnlyForDeploymentPostprocessing = 0;
		};
/* End PBXResourcesBuildPhase section */

/* Begin PBXSourcesBuildPhase section */
		AD8A369A1C0B42A400F67C90 /* Sources */ = {
			isa = PBXSourcesBuildPhase;
			buildActionMask = 2147483647;
			files = (
				AD8A36A41C0B42A400F67C90 /* ViewController.swift in Sources */,
				AD8A36B41C0B436300F67C90 /* myUILabel.swift in Sources */,
				AD8A36A21C0B42A400F67C90 /* AppDelegate.swift in Sources */,
			);
			runOnlyForDeploymentPostprocessing = 0;
		};
/* End PBXSourcesBuildPhase section */

/* Begin PBXVariantGroup section */
		AD8A36A51C0B42A400F67C90 /* Main.storyboard */ = {
			isa = PBXVariantGroup;
			children = (
				AD8A36A61C0B42A400F67C90 /* Base */,
			);
			name = Main.storyboard;
			sourceTree = "<group>";
		};
		AD8A36AA1C0B42A400F67C90 /* LaunchScreen.storyboard */ = {
			isa = PBXVariantGroup;
			children = (
				AD8A36AB1C0B42A400F67C90 /* Base */,
			);
			name = LaunchScreen.storyboard;
			sourceTree = "<group>";
		};
/* End PBXVariantGroup section */

/* Begin XCBuildConfiguration section */
		AD8A36AE1C0B42A400F67C90 /* Debug */ = {
			isa = XCBuildConfiguration;
			buildSettings = {
				ALWAYS_SEARCH_USER_PATHS = NO;
				CLANG_CXX_LANGUAGE_STANDARD = "gnu++0x";
				CLANG_CXX_LIBRARY = "libc++";
				CLANG_ENABLE_MODULES = YES;
				CLANG_ENABLE_OBJC_ARC = YES;
				CLANG_WARN_BOOL_CONVERSION = YES;
				CLANG_WARN_CONSTANT_CONVERSION = YES;
				CLANG_WARN_DIRECT_OBJC_ISA_USAGE = YES_ERROR;
				CLANG_WARN_EMPTY_BODY = YES;
				CLANG_WARN_ENUM_CONVERSION = YES;
				CLANG_WARN_INT_CONVERSION = YES;
				CLANG_WARN_OBJC_ROOT_CLASS = YES_ERROR;
				CLANG_WARN_UNREACHABLE_CODE = YES;
				CLANG_WARN__DUPLICATE_METHOD_MATCH = YES;
				"CODE_SIGN_IDENTITY[sdk=iphoneos*]" = "iPhone Developer";
				COPY_PHASE_STRIP = NO;
				DEBUG_INFORMATION_FORMAT = dwarf;
				ENABLE_STRICT_OBJC_MSGSEND = YES;
				ENABLE_TESTABILITY = YES;
				GCC_C_LANGUAGE_STANDARD = gnu99;
				GCC_DYNAMIC_NO_PIC = NO;
				GCC_NO_COMMON_BLOCKS = YES;
				GCC_OPTIMIZATION_LEVEL = 0;
				GCC_PREPROCESSOR_DEFINITIONS = (
					"DEBUG=1",
					"$(inherited)",
				);
				GCC_WARN_64_TO_32_BIT_CONVERSION = YES;
				GCC_WARN_ABOUT_RETURN_TYPE = YES_ERROR;
				GCC_WARN_UNDECLARED_SELECTOR = YES;
				GCC_WARN_UNINITIALIZED_AUTOS = YES_AGGRESSIVE;
				GCC_WARN_UNUSED_FUNCTION = YES;
				GCC_WARN_UNUSED_VARIABLE = YES;
				IPHONEOS_DEPLOYMENT_TARGET = 9.1;
				MTL_ENABLE_DEBUG_INFO = YES;
				ONLY_ACTIVE_ARCH = YES;
				SDKROOT = iphoneos;
				SWIFT_OPTIMIZATION_LEVEL = "-Onone";
			};
			name = Debug;
		};
		AD8A36AF1C0B42A400F67C90 /* Release */ = {
			isa = XCBuildConfiguration;
			buildSettings = {
				ALWAYS_SEARCH_USER_PATHS = NO;
				CLANG_CXX_LANGUAGE_STANDARD = "gnu++0x";
				CLANG_CXX_LIBRARY = "libc++";
				CLANG_ENABLE_MODULES = YES;
				CLANG_ENABLE_OBJC_ARC = YES;
				CLANG_WARN_BOOL_CONVERSION = YES;
				CLANG_WARN_CONSTANT_CONVERSION = YES;
				CLANG_WARN_DIRECT_OBJC_ISA_USAGE = YES_ERROR;
				CLANG_WARN_EMPTY_BODY = YES;
				CLANG_WARN_ENUM_CONVERSION = YES;
				CLANG_WARN_INT_CONVERSION = YES;
				CLANG_WARN_OBJC_ROOT_CLASS = YES_ERROR;
				CLANG_WARN_UNREACHABLE_CODE = YES;
				CLANG_WARN__DUPLICATE_METHOD_MATCH = YES;
				"CODE_SIGN_IDENTITY[sdk=iphoneos*]" = "iPhone Developer";
				COPY_PHASE_STRIP = NO;
				DEBUG_INFORMATION_FORMAT = "dwarf-with-dsym";
				ENABLE_NS_ASSERTIONS = NO;
				ENABLE_STRICT_OBJC_MSGSEND = YES;
				GCC_C_LANGUAGE_STANDARD = gnu99;
				GCC_NO_COMMON_BLOCKS = YES;
				GCC_WARN_64_TO_32_BIT_CONVERSION = YES;
				GCC_WARN_ABOUT_RETURN_TYPE = YES_ERROR;
				GCC_WARN_UNDECLARED_SELECTOR = YES;
				GCC_WARN_UNINITIALIZED_AUTOS = YES_AGGRESSIVE;
				GCC_WARN_UNUSED_FUNCTION = YES;
				GCC_WARN_UNUSED_VARIABLE = YES;
				IPHONEOS_DEPLOYMENT_TARGET = 9.1;
				MTL_ENABLE_DEBUG_INFO = NO;
				SDKROOT = iphoneos;
				VALIDATE_PRODUCT = YES;
			};
			name = Release;
		};
		AD8A36B11C0B42A400F67C90 /* Debug */ = {
			isa = XCBuildConfiguration;
			buildSettings = {
				ASSETCATALOG_COMPILER_APPICON_NAME = AppIcon;
				INFOPLIST_FILE = myUILabelDemo/Info.plist;
				LD_RUNPATH_SEARCH_PATHS = "$(inherited) @executable_path/Frameworks";
				PRODUCT_BUNDLE_IDENTIFIER = com.wanqingwong.myUILabelDemo;
				PRODUCT_NAME = "$(TARGET_NAME)";
			};
			name = Debug;
		};
		AD8A36B21C0B42A400F67C90 /* Release */ = {
			isa = XCBuildConfiguration;
			buildSettings = {
				ASSETCATALOG_COMPILER_APPICON_NAME = AppIcon;
				INFOPLIST_FILE = myUILabelDemo/Info.plist;
				LD_RUNPATH_SEARCH_PATHS = "$(inherited) @executable_path/Frameworks";
				PRODUCT_BUNDLE_IDENTIFIER = com.wanqingwong.myUILabelDemo;
				PRODUCT_NAME = "$(TARGET_NAME)";
			};
			name = Release;
		};
/* End XCBuildConfiguration section */

/* Begin XCConfigurationList section */
		AD8A36991C0B42A400F67C90 /* Build configuration list for PBXProject "myUILabelDemo" */ = {
			isa = XCConfigurationList;
			buildConfigurations = (
				AD8A36AE1C0B42A400F67C90 /* Debug */,
				AD8A36AF1C0B42A400F67C90 /* Release */,
			);
			defaultConfigurationIsVisible = 0;
			defaultConfigurationName = Release;
		};
		AD8A36B01C0B42A400F67C90 /* Build configuration list for PBXNativeTarget "myUILabelDemo" */ = {
			isa = XCConfigurationList;
			buildConfigurations = (
				AD8A36B11C0B42A400F67C90 /* Debug */,
				AD8A36B21C0B42A400F67C90 /* Release */,
			);
			defaultConfigurationIsVisible = 0;
		};
/* End XCConfigurationList section */
	};
	rootObject = AD8A36961C0B42A400F67C90 /* Project object */;
}
